
Microsoft Visual Studio Solution File, Format Version 12.00
# Visual Studio 15
VisualStudioVersion = 15.0.28010.2046
MinimumVisualStudioVersion = 10.0.40219.1
Project("{FAE04EC0-301F-11D3-BF4B-00C04F79EFBC}") = "tic-tac-toe", "tic-tac-toe\tic-tac-toe.csproj", "{B7A991FB-0AC8-4B00-A512-AE2ACA746A8A}"
EndProject
Global
	GlobalSection(SolutionConfigurationPlatforms) = preSolution
		Debug|Any CPU = Debug|Any CPU
		Release|Any CPU = Release|Any CPU
	EndGlobalSection
	GlobalSection(ProjectConfigurationPlatforms) = postSolution
		{B7A991FB-0AC8-4B00-A512-AE2ACA746A8A}.Debug|Any CPU.ActiveCfg = Debug|Any CPU
		{B7A991FB-0AC8-4B00-A512-AE2ACA746A8A}.Debug|Any CPU.Build.0 = Debug|Any CPU
		{B7A991FB-0AC8-4B00-A512-AE2ACA746A8A}.Release|Any CPU.ActiveCfg = Release|Any CPU
		{B7A991FB-0AC8-4B00-A512-AE2ACA746A8A}.Release|Any CPU.Build.0 = Release|Any CPU
	EndGlobalSection
	GlobalSection(SolutionProperties) = preSolution
		HideSolutionNode = FALSE
	EndGlobalSection
	GlobalSection(ExtensibilityGlobals) = postSolution
		SolutionGuid = {0BE4B3F9-7D90-4DA1-A772-BE5C6B81FFA9}
	EndGlobalSection
EndGlobal
